
Microsoft Visual Studio Solution File, Format Version 12.00
# Visual Studio Version 17
VisualStudioVersion = 17.8.34511.84
MinimumVisualStudioVersion = 10.0.40219.1
Project("{FAE04EC0-301F-11D3-BF4B-00C04F79EFBC}") = "TaskBoard", "TaskBoard\TaskBoard.csproj", "{61CB1C09-8DFD-4531-8A99-C08A072BD840}"
EndProject
Project("{FAE04EC0-301F-11D3-BF4B-00C04F79EFBC}") = "TaskBoard.Infrastructure", "TaskBoard.Infrastructure\TaskBoard.Infrastructure.csproj", "{D8D2BA9C-FDF5-4C01-8746-414126944C0A}"
EndProject
Project("{FAE04EC0-301F-11D3-BF4B-00C04F79EFBC}") = "Common", "Common\Common.csproj", "{BED7E7EF-FDE9-4000-BE4B-6FEF06E89F0F}"
EndProject
Project("{FAE04EC0-301F-11D3-BF4B-00C04F79EFBC}") = "TaskBoard.Core", "TaskBoard.Core\TaskBoard.Core.csproj", "{ED9F8792-4011-4D3D-B8B1-6C3BE14A3EB7}"
EndProject
Global
	GlobalSection(SolutionConfigurationPlatforms) = preSolution
		Debug|Any CPU = Debug|Any CPU
		Release|Any CPU = Release|Any CPU
	EndGlobalSection
	GlobalSection(ProjectConfigurationPlatforms) = postSolution
		{61CB1C09-8DFD-4531-8A99-C08A072BD840}.Debug|Any CPU.ActiveCfg = Debug|Any CPU
		{61CB1C09-8DFD-4531-8A99-C08A072BD840}.Debug|Any CPU.Build.0 = Debug|Any CPU
		{61CB1C09-8DFD-4531-8A99-C08A072BD840}.Release|Any CPU.ActiveCfg = Release|Any CPU
		{61CB1C09-8DFD-4531-8A99-C08A072BD840}.Release|Any CPU.Build.0 = Release|Any CPU
		{D8D2BA9C-FDF5-4C01-8746-414126944C0A}.Debug|Any CPU.ActiveCfg = Debug|Any CPU
		{D8D2BA9C-FDF5-4C01-8746-414126944C0A}.Debug|Any CPU.Build.0 = Debug|Any CPU
		{D8D2BA9C-FDF5-4C01-8746-414126944C0A}.Release|Any CPU.ActiveCfg = Release|Any CPU
		{D8D2BA9C-FDF5-4C01-8746-414126944C0A}.Release|Any CPU.Build.0 = Release|Any CPU
		{BED7E7EF-FDE9-4000-BE4B-6FEF06E89F0F}.Debug|Any CPU.ActiveCfg = Debug|Any CPU
		{BED7E7EF-FDE9-4000-BE4B-6FEF06E89F0F}.Debug|Any CPU.Build.0 = Debug|Any CPU
		{BED7E7EF-FDE9-4000-BE4B-6FEF06E89F0F}.Release|Any CPU.ActiveCfg = Release|Any CPU
		{BED7E7EF-FDE9-4000-BE4B-6FEF06E89F0F}.Release|Any CPU.Build.0 = Release|Any CPU
		{ED9F8792-4011-4D3D-B8B1-6C3BE14A3EB7}.Debug|Any CPU.ActiveCfg = Debug|Any CPU
		{ED9F8792-4011-4D3D-B8B1-6C3BE14A3EB7}.Debug|Any CPU.Build.0 = Debug|Any CPU
		{ED9F8792-4011-4D3D-B8B1-6C3BE14A3EB7}.Release|Any CPU.ActiveCfg = Release|Any CPU
		{ED9F8792-4011-4D3D-B8B1-6C3BE14A3EB7}.Release|Any CPU.Build.0 = Release|Any CPU
	EndGlobalSection
	GlobalSection(SolutionProperties) = preSolution
		HideSolutionNode = FALSE
	EndGlobalSection
	GlobalSection(ExtensibilityGlobals) = postSolution
		SolutionGuid = {508825C6-8DDF-4E7E-8F6B-EDF44090427B}
	EndGlobalSection
EndGlobal
